
Microsoft Visual Studio Solution File, Format Version 12.00
# Visual Studio 15
VisualStudioVersion = 15.0.28307.757
MinimumVisualStudioVersion = 10.0.40219.1
Project("{FAE04EC0-301F-11D3-BF4B-00C04F79EFBC}") = "Senai.Opflix.WebApi", "Senai.Opflix.WebApi\Senai.Opflix.WebApi.csproj", "{C74CBF28-A825-4A05-9C31-20E38E36A55D}"
EndProject
Global
	GlobalSection(SolutionConfigurationPlatforms) = preSolution
		Debug|Any CPU = Debug|Any CPU
		Release|Any CPU = Release|Any CPU
	EndGlobalSection
	GlobalSection(ProjectConfigurationPlatforms) = postSolution
		{C74CBF28-A825-4A05-9C31-20E38E36A55D}.Debug|Any CPU.ActiveCfg = Debug|Any CPU
		{C74CBF28-A825-4A05-9C31-20E38E36A55D}.Debug|Any CPU.Build.0 = Debug|Any CPU
		{C74CBF28-A825-4A05-9C31-20E38E36A55D}.Release|Any CPU.ActiveCfg = Release|Any CPU
		{C74CBF28-A825-4A05-9C31-20E38E36A55D}.Release|Any CPU.Build.0 = Release|Any CPU
	EndGlobalSection
	GlobalSection(SolutionProperties) = preSolution
		HideSolutionNode = FALSE
	EndGlobalSection
	GlobalSection(ExtensibilityGlobals) = postSolution
		SolutionGuid = {7D561EEC-12BF-482D-ABD1-711A7DD6235F}
	EndGlobalSection
EndGlobal
