
Microsoft Visual Studio Solution File, Format Version 12.00
# Visual Studio 15
VisualStudioVersion = 15.0.28307.757
MinimumVisualStudioVersion = 10.0.40219.1
Project("{FAE04EC0-301F-11D3-BF4B-00C04F79EFBC}") = "Senai.Optus.WebApi", "Senai.Optus.WebApi\Senai.Optus.WebApi.csproj", "{A55DE83F-C0E5-4C8B-8FA0-2FD56A51286C}"
EndProject
Global
	GlobalSection(SolutionConfigurationPlatforms) = preSolution
		Debug|Any CPU = Debug|Any CPU
		Release|Any CPU = Release|Any CPU
	EndGlobalSection
	GlobalSection(ProjectConfigurationPlatforms) = postSolution
		{A55DE83F-C0E5-4C8B-8FA0-2FD56A51286C}.Debug|Any CPU.ActiveCfg = Debug|Any CPU
		{A55DE83F-C0E5-4C8B-8FA0-2FD56A51286C}.Debug|Any CPU.Build.0 = Debug|Any CPU
		{A55DE83F-C0E5-4C8B-8FA0-2FD56A51286C}.Release|Any CPU.ActiveCfg = Release|Any CPU
		{A55DE83F-C0E5-4C8B-8FA0-2FD56A51286C}.Release|Any CPU.Build.0 = Release|Any CPU
	EndGlobalSection
	GlobalSection(SolutionProperties) = preSolution
		HideSolutionNode = FALSE
	EndGlobalSection
	GlobalSection(ExtensibilityGlobals) = postSolution
		SolutionGuid = {F642B0E6-5653-4FF6-B509-D39D229189C0}
	EndGlobalSection
EndGlobal
