
Microsoft Visual Studio Solution File, Format Version 12.00
# Visual Studio 15
VisualStudioVersion = 15.0.28307.757
MinimumVisualStudioVersion = 10.0.40219.1
Project("{FAE04EC0-301F-11D3-BF4B-00C04F79EFBC}") = "Senai.Peoples.WebApi", "Senai.Peoples.WebApi\Senai.Peoples.WebApi.csproj", "{F2DCF4AD-437F-477B-98B1-5DC417A6D7D2}"
EndProject
Global
	GlobalSection(SolutionConfigurationPlatforms) = preSolution
		Debug|Any CPU = Debug|Any CPU
		Release|Any CPU = Release|Any CPU
	EndGlobalSection
	GlobalSection(ProjectConfigurationPlatforms) = postSolution
		{F2DCF4AD-437F-477B-98B1-5DC417A6D7D2}.Debug|Any CPU.ActiveCfg = Debug|Any CPU
		{F2DCF4AD-437F-477B-98B1-5DC417A6D7D2}.Debug|Any CPU.Build.0 = Debug|Any CPU
		{F2DCF4AD-437F-477B-98B1-5DC417A6D7D2}.Release|Any CPU.ActiveCfg = Release|Any CPU
		{F2DCF4AD-437F-477B-98B1-5DC417A6D7D2}.Release|Any CPU.Build.0 = Release|Any CPU
	EndGlobalSection
	GlobalSection(SolutionProperties) = preSolution
		HideSolutionNode = FALSE
	EndGlobalSection
	GlobalSection(ExtensibilityGlobals) = postSolution
		SolutionGuid = {53C6597D-FACD-4863-B3D3-E5845FBF3E36}
	EndGlobalSection
EndGlobal
